
Microsoft Visual Studio Solution File, Format Version 12.00
# Visual Studio Version 16
VisualStudioVersion = 16.0.30413.136
MinimumVisualStudioVersion = 10.0.40219.1
Project("{FAE04EC0-301F-11D3-BF4B-00C04F79EFBC}") = "tp2.Android", "tp2\tp2.Android\tp2.Android.csproj", "{48DA4D6C-D86A-4E38-B215-1B200DBD3703}"
EndProject
Project("{9A19103F-16F7-4668-BE54-9A1E7A4F7556}") = "tp2", "tp2\tp2\tp2.csproj", "{1C4A5B3F-ABE5-4F83-A2FD-C97F994F17C2}"
EndProject
Global
	GlobalSection(SolutionConfigurationPlatforms) = preSolution
		Debug|Any CPU = Debug|Any CPU
		Release|Any CPU = Release|Any CPU
	EndGlobalSection
	GlobalSection(ProjectConfigurationPlatforms) = postSolution
		{48DA4D6C-D86A-4E38-B215-1B200DBD3703}.Debug|Any CPU.ActiveCfg = Debug|Any CPU
		{48DA4D6C-D86A-4E38-B215-1B200DBD3703}.Debug|Any CPU.Build.0 = Debug|Any CPU
		{48DA4D6C-D86A-4E38-B215-1B200DBD3703}.Debug|Any CPU.Deploy.0 = Debug|Any CPU
		{48DA4D6C-D86A-4E38-B215-1B200DBD3703}.Release|Any CPU.ActiveCfg = Release|Any CPU
		{48DA4D6C-D86A-4E38-B215-1B200DBD3703}.Release|Any CPU.Build.0 = Release|Any CPU
		{48DA4D6C-D86A-4E38-B215-1B200DBD3703}.Release|Any CPU.Deploy.0 = Release|Any CPU
		{1C4A5B3F-ABE5-4F83-A2FD-C97F994F17C2}.Debug|Any CPU.ActiveCfg = Debug|Any CPU
		{1C4A5B3F-ABE5-4F83-A2FD-C97F994F17C2}.Debug|Any CPU.Build.0 = Debug|Any CPU
		{1C4A5B3F-ABE5-4F83-A2FD-C97F994F17C2}.Debug|Any CPU.Deploy.0 = Debug|Any CPU
		{1C4A5B3F-ABE5-4F83-A2FD-C97F994F17C2}.Release|Any CPU.ActiveCfg = Release|Any CPU
		{1C4A5B3F-ABE5-4F83-A2FD-C97F994F17C2}.Release|Any CPU.Build.0 = Release|Any CPU
		{1C4A5B3F-ABE5-4F83-A2FD-C97F994F17C2}.Release|Any CPU.Deploy.0 = Release|Any CPU
	EndGlobalSection
	GlobalSection(SolutionProperties) = preSolution
		HideSolutionNode = FALSE
	EndGlobalSection
	GlobalSection(ExtensibilityGlobals) = postSolution
		SolutionGuid = {12CC2A23-1F22-4EBE-872B-084BFD0A2598}
	EndGlobalSection
EndGlobal
